
Microsoft Visual Studio Solution File, Format Version 12.00
# Visual Studio 14
VisualStudioVersion = 14.0.25420.1
MinimumVisualStudioVersion = 10.0.40219.1
Project("{FAE04EC0-301F-11D3-BF4B-00C04F79EFBC}") = "Study2", "Study2\Study2.csproj", "{3ADEB8FF-4F6A-4524-903F-2632CF5F1716}"
EndProject
Global
	GlobalSection(SolutionConfigurationPlatforms) = preSolution
		Debug|Any CPU = Debug|Any CPU
		Release|Any CPU = Release|Any CPU
	EndGlobalSection
	GlobalSection(ProjectConfigurationPlatforms) = postSolution
		{3ADEB8FF-4F6A-4524-903F-2632CF5F1716}.Debug|Any CPU.ActiveCfg = Debug|Any CPU
		{3ADEB8FF-4F6A-4524-903F-2632CF5F1716}.Debug|Any CPU.Build.0 = Debug|Any CPU
		{3ADEB8FF-4F6A-4524-903F-2632CF5F1716}.Release|Any CPU.ActiveCfg = Release|Any CPU
		{3ADEB8FF-4F6A-4524-903F-2632CF5F1716}.Release|Any CPU.Build.0 = Release|Any CPU
	EndGlobalSection
	GlobalSection(SolutionProperties) = preSolution
		HideSolutionNode = FALSE
	EndGlobalSection
EndGlobal
